<Solution>
  <Folder Name="/Identity/">
    <Project Path="ExternalIdentity\ExternalIdentity.csproj" Type="Classic C#" />
  </Folder>
  <Folder Name="/Sdk/">
    <Project Path="Connecty.Sdk.Consumer\Connecty.Sdk.Consumer.csproj" Type="Classic C#" />
    <Project Path="Connecty.Sdk\Connecty.Sdk.csproj" Type="Classic C#" />
  </Folder>
  <Project Path="Connecty.Api/Connecty.Api.csproj" />
  <Project Path="Connecty.Application/Connecty.Application.csproj" />
  <Project Path="Connecty.Contracts/Connecty.Contracts.csproj" />
</Solution>